# THIS IS AN AUTOGENERATED FILE. DO NOT EDIT THIS FILE DIRECTLY.
# yarn lockfile v1


"@opengsn/contracts@2.2.5":
  version "2.2.5"
  resolved "https://registry.yarnpkg.com/@opengsn/contracts/-/contracts-2.2.5.tgz#24a61799649548d2b356efcfe0cb6d0c307cb516"
  integrity sha512-o0z8b1A7D0cYMQ+gIxM1YKJ2uV25jcrfItu7ABeQBwbaeG0NBEhXHM6Z+rnsqLJvl3RJcKmHfxaFNCk3b3bzOQ==
  dependencies:
    "@openzeppelin/contracts" "^4.2.0"

"@openzeppelin/contracts@4.8.1", "@openzeppelin/contracts@^4.2.0":
  version "4.8.1"
  resolved "https://registry.yarnpkg.com/@openzeppelin/contracts/-/contracts-4.8.1.tgz#709cfc4bbb3ca9f4460d60101f15dac6b7a2d5e4"
  integrity sha512-xQ6eUZl+RDyb/FiZe1h+U7qr/f4p/SrTSQcTPH2bjur3C5DbuW/zFgCU/b1P/xcIaEqJep+9ju4xDRi3rmChdQ==
